// !$*UTF8*$!
{
	archiveVersion = 1;
	classes = {
	};
	objectVersion = 56;
	objects = {

/* Begin PBXBuildFile section */
		481E79FE2D7789E1006EB49E /* HabitTrackerApp.swift in Sources */ = {isa = PBXBuildFile; fileRef = 481E79FD2D7789E1006EB49E /* HabitTrackerApp.swift */; };
		481E7A002D7789E1006EB49E /* ContentView.swift in Sources */ = {isa = PBXBuildFile; fileRef = 481E79FF2D7789E1006EB49E /* ContentView.swift */; };
		481E7A022D7789E3006EB49E /* Assets.xcassets in Resources */ = {isa = PBXBuildFile; fileRef = 481E7A012D7789E3006EB49E /* Assets.xcassets */; };
		481E7A062D7789E3006EB49E /* Preview Assets.xcassets in Resources */ = {isa = PBXBuildFile; fileRef = 481E7A052D7789E3006EB49E /* Preview Assets.xcassets */; };
		481E7A0F2D7E26F2006EB49E /* DailyHabitView.swift in Sources */ = {isa = PBXBuildFile; fileRef = 481E7A0E2D7E26F2006EB49E /* DailyHabitView.swift */; };
		AE114BF22D88778900B1F665 /* HabitTracker.xcdatamodeld in Sources */ = {isa = PBXBuildFile; fileRef = AE114BF02D88778900B1F665 /* HabitTracker.xcdatamodeld */; };
		AE114C062D887D5A00B1F665 /* DataController.swift in Sources */ = {isa = PBXBuildFile; fileRef = AE114C052D887D5A00B1F665 /* DataController.swift */; };
		AE114C0F2D888B8200B1F665 /* AllHabits+CoreDataClass.swift in Sources */ = {isa = PBXBuildFile; fileRef = AE114C0B2D888B8200B1F665 /* AllHabits+CoreDataClass.swift */; };
		AE114C102D888B8200B1F665 /* AllHabits+CoreDataProperties.swift in Sources */ = {isa = PBXBuildFile; fileRef = AE114C0C2D888B8200B1F665 /* AllHabits+CoreDataProperties.swift */; };
		AE114C112D888B8200B1F665 /* DailyHabits+CoreDataClass.swift in Sources */ = {isa = PBXBuildFile; fileRef = AE114C0D2D888B8200B1F665 /* DailyHabits+CoreDataClass.swift */; };
		AE114C122D888B8200B1F665 /* DailyHabits+CoreDataProperties.swift in Sources */ = {isa = PBXBuildFile; fileRef = AE114C0E2D888B8200B1F665 /* DailyHabits+CoreDataProperties.swift */; };
		AEA3B33D2D9BC0CB00F7312F /* habitData.json in Resources */ = {isa = PBXBuildFile; fileRef = AEA3B33C2D9BC0CB00F7312F /* habitData.json */; };
		AEA3B33F2D9BD8A600F7312F /* habitView.swift in Sources */ = {isa = PBXBuildFile; fileRef = AEA3B33E2D9BD8A600F7312F /* habitView.swift */; };
		AEEBB93D2D9BE8120086DA58 /* addView-ViewModel.swift in Sources */ = {isa = PBXBuildFile; fileRef = AEEBB93C2D9BE8120086DA58 /* addView-ViewModel.swift */; };
		AEEBB9422D9BFEEB0086DA58 /* ProgressBarView.swift in Sources */ = {isa = PBXBuildFile; fileRef = AEEBB9412D9BFEEB0086DA58 /* ProgressBarView.swift */; };
		AEEBB9442D9C00F20086DA58 /* ProgressBarView-ViewModel.swift in Sources */ = {isa = PBXBuildFile; fileRef = AEEBB9432D9C00F20086DA58 /* ProgressBarView-ViewModel.swift */; };
		AEF682D72D804709004ABEF7 /* CalendarView.swift in Sources */ = {isa = PBXBuildFile; fileRef = AEF682D62D804709004ABEF7 /* CalendarView.swift */; };
		E160D0532D8991FB00CF27EA /* BottomBarView.swift in Sources */ = {isa = PBXBuildFile; fileRef = E160D0522D8991FB00CF27EA /* BottomBarView.swift */; };
		E160D0552D89985500CF27EA /* BottombarButtonView.swift in Sources */ = {isa = PBXBuildFile; fileRef = E160D0542D89985500CF27EA /* BottombarButtonView.swift */; };
		E1DD84092D954BC100884491 /* AddView.swift in Sources */ = {isa = PBXBuildFile; fileRef = E1DD84082D954BC100884491 /* AddView.swift */; };
		E1ECA2AB2D9BFAF400231DDA /* habitView-ViewModel.swift in Sources */ = {isa = PBXBuildFile; fileRef = E1ECA2AA2D9BFAF400231DDA /* habitView-ViewModel.swift */; };
		E1ECA2AD2D9BFDAF00231DDA /* HabitForm.swift in Sources */ = {isa = PBXBuildFile; fileRef = E1ECA2AC2D9BFDAF00231DDA /* HabitForm.swift */; };
		E1ECA2AF2D9BFEBD00231DDA /* HabitViewCard.swift in Sources */ = {isa = PBXBuildFile; fileRef = E1ECA2AE2D9BFEBD00231DDA /* HabitViewCard.swift */; };
		E1ECA2B12D9C026E00231DDA /* HabitDetailView.swift in Sources */ = {isa = PBXBuildFile; fileRef = E1ECA2B02D9C026E00231DDA /* HabitDetailView.swift */; };
		E1ECA2B32D9C12BA00231DDA /* HabitForm-ViewModel.swift in Sources */ = {isa = PBXBuildFile; fileRef = E1ECA2B22D9C12BA00231DDA /* HabitForm-ViewModel.swift */; };
		E1ECA2B72D9C688F00231DDA /* EditView.swift in Sources */ = {isa = PBXBuildFile; fileRef = E1ECA2B62D9C688F00231DDA /* EditView.swift */; };
		E1ECA2B92DA3E4E400231DDA /* deleteView.swift in Sources */ = {isa = PBXBuildFile; fileRef = E1ECA2B82DA3E4E300231DDA /* deleteView.swift */; };
		E1ECA2BB2DA3E4FE00231DDA /* deleteView-ViewModel.swift in Sources */ = {isa = PBXBuildFile; fileRef = E1ECA2BA2DA3E4FE00231DDA /* deleteView-ViewModel.swift */; };
		E1ECA2BE2DA54ED100231DDA /* Settings+CoreDataClass.swift in Sources */ = {isa = PBXBuildFile; fileRef = E1ECA2BC2DA54ED100231DDA /* Settings+CoreDataClass.swift */; };
		E1ECA2BF2DA54ED100231DDA /* Settings+CoreDataProperties.swift in Sources */ = {isa = PBXBuildFile; fileRef = E1ECA2BD2DA54ED100231DDA /* Settings+CoreDataProperties.swift */; };
		E1ECA2C12DAA461300231DDA /* SettingView.swift in Sources */ = {isa = PBXBuildFile; fileRef = E1ECA2C02DAA461300231DDA /* SettingView.swift */; };
		E1ECA2C32DAA462600231DDA /* SettingView-ViewModel.swift in Sources */ = {isa = PBXBuildFile; fileRef = E1ECA2C22DAA462600231DDA /* SettingView-ViewModel.swift */; };
		E1EF8DB22DB7736000283627 /* NavigationStackManager.swift in Sources */ = {isa = PBXBuildFile; fileRef = E1EF8DB12DB7736000283627 /* NavigationStackManager.swift */; };
		E1EF8DB42DB7753D00283627 /* NavigationContainerView.swift in Sources */ = {isa = PBXBuildFile; fileRef = E1EF8DB32DB7753D00283627 /* NavigationContainerView.swift */; };
/* End PBXBuildFile section */

/* Begin PBXFileReference section */
		481E79FA2D7789E1006EB49E /* HabitTracker.app */ = {isa = PBXFileReference; explicitFileType = wrapper.application; includeInIndex = 0; path = HabitTracker.app; sourceTree = BUILT_PRODUCTS_DIR; };
		481E79FD2D7789E1006EB49E /* HabitTrackerApp.swift */ = {isa = PBXFileReference; lastKnownFileType = sourcecode.swift; path = HabitTrackerApp.swift; sourceTree = "<group>"; };
		481E79FF2D7789E1006EB49E /* ContentView.swift */ = {isa = PBXFileReference; lastKnownFileType = sourcecode.swift; path = ContentView.swift; sourceTree = "<group>"; };
		481E7A012D7789E3006EB49E /* Assets.xcassets */ = {isa = PBXFileReference; lastKnownFileType = folder.assetcatalog; path = Assets.xcassets; sourceTree = "<group>"; };
		481E7A032D7789E3006EB49E /* HabitTracker.entitlements */ = {isa = PBXFileReference; lastKnownFileType = text.plist.entitlements; path = HabitTracker.entitlements; sourceTree = "<group>"; };
		481E7A052D7789E3006EB49E /* Preview Assets.xcassets */ = {isa = PBXFileReference; lastKnownFileType = folder.assetcatalog; path = "Preview Assets.xcassets"; sourceTree = "<group>"; };
		481E7A0E2D7E26F2006EB49E /* DailyHabitView.swift */ = {isa = PBXFileReference; lastKnownFileType = sourcecode.swift; path = DailyHabitView.swift; sourceTree = "<group>"; };
		AE114BF12D88778900B1F665 /* HabitTracker.xcdatamodel */ = {isa = PBXFileReference; lastKnownFileType = wrapper.xcdatamodel; path = HabitTracker.xcdatamodel; sourceTree = "<group>"; };
		AE114C052D887D5A00B1F665 /* DataController.swift */ = {isa = PBXFileReference; lastKnownFileType = sourcecode.swift; path = DataController.swift; sourceTree = "<group>"; };
		AE114C0B2D888B8200B1F665 /* AllHabits+CoreDataClass.swift */ = {isa = PBXFileReference; lastKnownFileType = sourcecode.swift; name = "AllHabits+CoreDataClass.swift"; path = "../AllHabits+CoreDataClass.swift"; sourceTree = "<group>"; };
		AE114C0C2D888B8200B1F665 /* AllHabits+CoreDataProperties.swift */ = {isa = PBXFileReference; lastKnownFileType = sourcecode.swift; name = "AllHabits+CoreDataProperties.swift"; path = "../AllHabits+CoreDataProperties.swift"; sourceTree = "<group>"; };
		AE114C0D2D888B8200B1F665 /* DailyHabits+CoreDataClass.swift */ = {isa = PBXFileReference; lastKnownFileType = sourcecode.swift; name = "DailyHabits+CoreDataClass.swift"; path = "../DailyHabits+CoreDataClass.swift"; sourceTree = "<group>"; };
		AE114C0E2D888B8200B1F665 /* DailyHabits+CoreDataProperties.swift */ = {isa = PBXFileReference; lastKnownFileType = sourcecode.swift; name = "DailyHabits+CoreDataProperties.swift"; path = "../DailyHabits+CoreDataProperties.swift"; sourceTree = "<group>"; };
		AEA3B33C2D9BC0CB00F7312F /* habitData.json */ = {isa = PBXFileReference; lastKnownFileType = text.json; path = habitData.json; sourceTree = "<group>"; };
		AEA3B33E2D9BD8A600F7312F /* habitView.swift */ = {isa = PBXFileReference; lastKnownFileType = sourcecode.swift; path = habitView.swift; sourceTree = "<group>"; };
		AEEBB93C2D9BE8120086DA58 /* addView-ViewModel.swift */ = {isa = PBXFileReference; lastKnownFileType = sourcecode.swift; path = "addView-ViewModel.swift"; sourceTree = "<group>"; };
		AEEBB9412D9BFEEB0086DA58 /* ProgressBarView.swift */ = {isa = PBXFileReference; lastKnownFileType = sourcecode.swift; path = ProgressBarView.swift; sourceTree = "<group>"; };
		AEEBB9432D9C00F20086DA58 /* ProgressBarView-ViewModel.swift */ = {isa = PBXFileReference; lastKnownFileType = sourcecode.swift; path = "ProgressBarView-ViewModel.swift"; sourceTree = "<group>"; };
		AEF682D62D804709004ABEF7 /* CalendarView.swift */ = {isa = PBXFileReference; lastKnownFileType = sourcecode.swift; path = CalendarView.swift; sourceTree = "<group>"; };
		E160D0522D8991FB00CF27EA /* BottomBarView.swift */ = {isa = PBXFileReference; lastKnownFileType = sourcecode.swift; path = BottomBarView.swift; sourceTree = "<group>"; };
		E160D0542D89985500CF27EA /* BottombarButtonView.swift */ = {isa = PBXFileReference; lastKnownFileType = sourcecode.swift; path = BottombarButtonView.swift; sourceTree = "<group>"; };
		E1DD84082D954BC100884491 /* AddView.swift */ = {isa = PBXFileReference; fileEncoding = 4; lastKnownFileType = sourcecode.swift; path = AddView.swift; sourceTree = "<group>"; };
		E1ECA2AA2D9BFAF400231DDA /* habitView-ViewModel.swift */ = {isa = PBXFileReference; lastKnownFileType = sourcecode.swift; path = "habitView-ViewModel.swift"; sourceTree = "<group>"; };
		E1ECA2AC2D9BFDAF00231DDA /* HabitForm.swift */ = {isa = PBXFileReference; lastKnownFileType = sourcecode.swift; path = HabitForm.swift; sourceTree = "<group>"; };
		E1ECA2AE2D9BFEBD00231DDA /* HabitViewCard.swift */ = {isa = PBXFileReference; lastKnownFileType = sourcecode.swift; path = HabitViewCard.swift; sourceTree = "<group>"; };
		E1ECA2B02D9C026E00231DDA /* HabitDetailView.swift */ = {isa = PBXFileReference; lastKnownFileType = sourcecode.swift; path = HabitDetailView.swift; sourceTree = "<group>"; };
		E1ECA2B22D9C12BA00231DDA /* HabitForm-ViewModel.swift */ = {isa = PBXFileReference; lastKnownFileType = sourcecode.swift; path = "HabitForm-ViewModel.swift"; sourceTree = "<group>"; };
		E1ECA2B62D9C688F00231DDA /* EditView.swift */ = {isa = PBXFileReference; lastKnownFileType = sourcecode.swift; path = EditView.swift; sourceTree = "<group>"; };
		E1ECA2B82DA3E4E300231DDA /* deleteView.swift */ = {isa = PBXFileReference; lastKnownFileType = sourcecode.swift; path = deleteView.swift; sourceTree = "<group>"; };
		E1ECA2BA2DA3E4FE00231DDA /* deleteView-ViewModel.swift */ = {isa = PBXFileReference; lastKnownFileType = sourcecode.swift; path = "deleteView-ViewModel.swift"; sourceTree = "<group>"; };
		E1ECA2BC2DA54ED100231DDA /* Settings+CoreDataClass.swift */ = {isa = PBXFileReference; lastKnownFileType = sourcecode.swift; name = "Settings+CoreDataClass.swift"; path = "HabitTracker/Settings/Settings+CoreDataClass.swift"; sourceTree = "<group>"; };
		E1ECA2BD2DA54ED100231DDA /* Settings+CoreDataProperties.swift */ = {isa = PBXFileReference; lastKnownFileType = sourcecode.swift; name = "Settings+CoreDataProperties.swift"; path = "HabitTracker/Settings/Settings+CoreDataProperties.swift"; sourceTree = "<group>"; };
		E1ECA2C02DAA461300231DDA /* SettingView.swift */ = {isa = PBXFileReference; lastKnownFileType = sourcecode.swift; path = SettingView.swift; sourceTree = "<group>"; };
		E1ECA2C22DAA462600231DDA /* SettingView-ViewModel.swift */ = {isa = PBXFileReference; lastKnownFileType = sourcecode.swift; path = "SettingView-ViewModel.swift"; sourceTree = "<group>"; };
		E1EF8DB12DB7736000283627 /* NavigationStackManager.swift */ = {isa = PBXFileReference; lastKnownFileType = sourcecode.swift; path = NavigationStackManager.swift; sourceTree = "<group>"; };
		E1EF8DB32DB7753D00283627 /* NavigationContainerView.swift */ = {isa = PBXFileReference; lastKnownFileType = sourcecode.swift; path = NavigationContainerView.swift; sourceTree = "<group>"; };
/* End PBXFileReference section */

/* Begin PBXFrameworksBuildPhase section */
		481E79F72D7789E1006EB49E /* Frameworks */ = {
			isa = PBXFrameworksBuildPhase;
			buildActionMask = 2147483647;
			files = (
			);
			runOnlyForDeploymentPostprocessing = 0;
		};
/* End PBXFrameworksBuildPhase section */

/* Begin PBXGroup section */
		481E79F12D7789E1006EB49E = {
			isa = PBXGroup;
			children = (
				E1ECA2BC2DA54ED100231DDA /* Settings+CoreDataClass.swift */,
				E1ECA2BD2DA54ED100231DDA /* Settings+CoreDataProperties.swift */,
				481E79FC2D7789E1006EB49E /* HabitTracker */,
				481E79FB2D7789E1006EB49E /* Products */,
			);
			sourceTree = "<group>";
		};
		481E79FB2D7789E1006EB49E /* Products */ = {
			isa = PBXGroup;
			children = (
				481E79FA2D7789E1006EB49E /* HabitTracker.app */,
			);
			name = Products;
			sourceTree = "<group>";
		};
		481E79FC2D7789E1006EB49E /* HabitTracker */ = {
			isa = PBXGroup;
			children = (
				AEA3B33E2D9BD8A600F7312F /* habitView.swift */,
				E1ECA2AA2D9BFAF400231DDA /* habitView-ViewModel.swift */,
				E1ECA2AE2D9BFEBD00231DDA /* HabitViewCard.swift */,
				E1ECA2B02D9C026E00231DDA /* HabitDetailView.swift */,
				E1ECA2AC2D9BFDAF00231DDA /* HabitForm.swift */,
				E1ECA2B22D9C12BA00231DDA /* HabitForm-ViewModel.swift */,
				AEA3B33C2D9BC0CB00F7312F /* habitData.json */,
				E1ECA2B62D9C688F00231DDA /* EditView.swift */,
				E1DD84082D954BC100884491 /* AddView.swift */,
				E1ECA2B82DA3E4E300231DDA /* deleteView.swift */,
				E1ECA2BA2DA3E4FE00231DDA /* deleteView-ViewModel.swift */,
				481E7A0E2D7E26F2006EB49E /* DailyHabitView.swift */,
				E160D0522D8991FB00CF27EA /* BottomBarView.swift */,
				E160D0542D89985500CF27EA /* BottombarButtonView.swift */,
				481E79FD2D7789E1006EB49E /* HabitTrackerApp.swift */,
				E1EF8DB12DB7736000283627 /* NavigationStackManager.swift */,
				481E79FF2D7789E1006EB49E /* ContentView.swift */,
				E1EF8DB32DB7753D00283627 /* NavigationContainerView.swift */,
				AEF682D62D804709004ABEF7 /* CalendarView.swift */,
				E1ECA2C02DAA461300231DDA /* SettingView.swift */,
				E1ECA2C22DAA462600231DDA /* SettingView-ViewModel.swift */,
				481E7A012D7789E3006EB49E /* Assets.xcassets */,
				481E7A032D7789E3006EB49E /* HabitTracker.entitlements */,
				481E7A042D7789E3006EB49E /* Preview Content */,
				AE114BF02D88778900B1F665 /* HabitTracker.xcdatamodeld */,
				AE114C052D887D5A00B1F665 /* DataController.swift */,
				AE114C132D888B9300B1F665 /* DailyHabitsItem */,
				AE114C142D888BAB00B1F665 /* AllHabitsItem */,
				AEEBB93C2D9BE8120086DA58 /* addView-ViewModel.swift */,
				AEEBB9412D9BFEEB0086DA58 /* ProgressBarView.swift */,
				AEEBB9432D9C00F20086DA58 /* ProgressBarView-ViewModel.swift */,
			);
			path = HabitTracker;
			sourceTree = "<group>";
		};
		481E7A042D7789E3006EB49E /* Preview Content */ = {
			isa = PBXGroup;
			children = (
				481E7A052D7789E3006EB49E /* Preview Assets.xcassets */,
			);
			path = "Preview Content";
			sourceTree = "<group>";
		};
		AE114C132D888B9300B1F665 /* DailyHabitsItem */ = {
			isa = PBXGroup;
			children = (
				AE114C0D2D888B8200B1F665 /* DailyHabits+CoreDataClass.swift */,
				AE114C0E2D888B8200B1F665 /* DailyHabits+CoreDataProperties.swift */,
			);
			path = DailyHabitsItem;
			sourceTree = "<group>";
		};
		AE114C142D888BAB00B1F665 /* AllHabitsItem */ = {
			isa = PBXGroup;
			children = (
				AE114C0B2D888B8200B1F665 /* AllHabits+CoreDataClass.swift */,
				AE114C0C2D888B8200B1F665 /* AllHabits+CoreDataProperties.swift */,
			);
			path = AllHabitsItem;
			sourceTree = "<group>";
		};
/* End PBXGroup section */

/* Begin PBXNativeTarget section */
		481E79F92D7789E1006EB49E /* HabitTracker */ = {
			isa = PBXNativeTarget;
			buildConfigurationList = 481E7A092D7789E3006EB49E /* Build configuration list for PBXNativeTarget "HabitTracker" */;
			buildPhases = (
				481E79F62D7789E1006EB49E /* Sources */,
				481E79F72D7789E1006EB49E /* Frameworks */,
				481E79F82D7789E1006EB49E /* Resources */,
			);
			buildRules = (
			);
			dependencies = (
			);
			name = HabitTracker;
			productName = HabitTracker;
			productReference = 481E79FA2D7789E1006EB49E /* HabitTracker.app */;
			productType = "com.apple.product-type.application";
		};
/* End PBXNativeTarget section */

/* Begin PBXProject section */
		481E79F22D7789E1006EB49E /* Project object */ = {
			isa = PBXProject;
			attributes = {
				BuildIndependentTargetsInParallel = 1;
				LastSwiftUpdateCheck = 1430;
				LastUpgradeCheck = 1430;
				TargetAttributes = {
					481E79F92D7789E1006EB49E = {
						CreatedOnToolsVersion = 14.3.1;
					};
				};
			};
			buildConfigurationList = 481E79F52D7789E1006EB49E /* Build configuration list for PBXProject "HabitTracker" */;
			compatibilityVersion = "Xcode 14.0";
			developmentRegion = en;
			hasScannedForEncodings = 0;
			knownRegions = (
				en,
				Base,
			);
			mainGroup = 481E79F12D7789E1006EB49E;
			productRefGroup = 481E79FB2D7789E1006EB49E /* Products */;
			projectDirPath = "";
			projectRoot = "";
			targets = (
				481E79F92D7789E1006EB49E /* HabitTracker */,
			);
		};
/* End PBXProject section */

/* Begin PBXResourcesBuildPhase section */
		481E79F82D7789E1006EB49E /* Resources */ = {
			isa = PBXResourcesBuildPhase;
			buildActionMask = 2147483647;
			files = (
				AEA3B33D2D9BC0CB00F7312F /* habitData.json in Resources */,
				481E7A062D7789E3006EB49E /* Preview Assets.xcassets in Resources */,
				481E7A022D7789E3006EB49E /* Assets.xcassets in Resources */,
			);
			runOnlyForDeploymentPostprocessing = 0;
		};
/* End PBXResourcesBuildPhase section */

/* Begin PBXSourcesBuildPhase section */
		481E79F62D7789E1006EB49E /* Sources */ = {
			isa = PBXSourcesBuildPhase;
			buildActionMask = 2147483647;
			files = (
				E1ECA2AB2D9BFAF400231DDA /* habitView-ViewModel.swift in Sources */,
				E1ECA2B12D9C026E00231DDA /* HabitDetailView.swift in Sources */,
				E1ECA2AF2D9BFEBD00231DDA /* HabitViewCard.swift in Sources */,
				E1ECA2C32DAA462600231DDA /* SettingView-ViewModel.swift in Sources */,
				E1EF8DB22DB7736000283627 /* NavigationStackManager.swift in Sources */,
				E160D0552D89985500CF27EA /* BottombarButtonView.swift in Sources */,
				AE114C0F2D888B8200B1F665 /* AllHabits+CoreDataClass.swift in Sources */,
				AE114C102D888B8200B1F665 /* AllHabits+CoreDataProperties.swift in Sources */,
				AE114C112D888B8200B1F665 /* DailyHabits+CoreDataClass.swift in Sources */,
				E1ECA2BB2DA3E4FE00231DDA /* deleteView-ViewModel.swift in Sources */,
				E1EF8DB42DB7753D00283627 /* NavigationContainerView.swift in Sources */,
				E1ECA2B92DA3E4E400231DDA /* deleteView.swift in Sources */,
				E160D0532D8991FB00CF27EA /* BottomBarView.swift in Sources */,
				AEEBB9422D9BFEEB0086DA58 /* ProgressBarView.swift in Sources */,
				E1ECA2BF2DA54ED100231DDA /* Settings+CoreDataProperties.swift in Sources */,
				AE114C122D888B8200B1F665 /* DailyHabits+CoreDataProperties.swift in Sources */,
				E1ECA2B32D9C12BA00231DDA /* HabitForm-ViewModel.swift in Sources */,
				481E7A002D7789E1006EB49E /* ContentView.swift in Sources */,
				E1ECA2B72D9C688F00231DDA /* EditView.swift in Sources */,
				AEF682D72D804709004ABEF7 /* CalendarView.swift in Sources */,
				E1ECA2C12DAA461300231DDA /* SettingView.swift in Sources */,
				E1ECA2BE2DA54ED100231DDA /* Settings+CoreDataClass.swift in Sources */,
				AEEBB93D2D9BE8120086DA58 /* addView-ViewModel.swift in Sources */,
				AEEBB9442D9C00F20086DA58 /* ProgressBarView-ViewModel.swift in Sources */,
				481E7A0F2D7E26F2006EB49E /* DailyHabitView.swift in Sources */,
				AE114C062D887D5A00B1F665 /* DataController.swift in Sources */,
				E1DD84092D954BC100884491 /* AddView.swift in Sources */,
				AE114BF22D88778900B1F665 /* HabitTracker.xcdatamodeld in Sources */,
				E1ECA2AD2D9BFDAF00231DDA /* HabitForm.swift in Sources */,
				AEA3B33F2D9BD8A600F7312F /* habitView.swift in Sources */,
				481E79FE2D7789E1006EB49E /* HabitTrackerApp.swift in Sources */,
			);
			runOnlyForDeploymentPostprocessing = 0;
		};
/* End PBXSourcesBuildPhase section */

/* Begin XCBuildConfiguration section */
		481E7A072D7789E3006EB49E /* Debug */ = {
			isa = XCBuildConfiguration;
			buildSettings = {
				ALWAYS_SEARCH_USER_PATHS = NO;
				CLANG_ANALYZER_NONNULL = YES;
				CLANG_ANALYZER_NUMBER_OBJECT_CONVERSION = YES_AGGRESSIVE;
				CLANG_CXX_LANGUAGE_STANDARD = "gnu++20";
				CLANG_ENABLE_MODULES = YES;
				CLANG_ENABLE_OBJC_ARC = YES;
				CLANG_ENABLE_OBJC_WEAK = YES;
				CLANG_WARN_BLOCK_CAPTURE_AUTORELEASING = YES;
				CLANG_WARN_BOOL_CONVERSION = YES;
				CLANG_WARN_COMMA = YES;
				CLANG_WARN_CONSTANT_CONVERSION = YES;
				CLANG_WARN_DEPRECATED_OBJC_IMPLEMENTATIONS = YES;
				CLANG_WARN_DIRECT_OBJC_ISA_USAGE = YES_ERROR;
				CLANG_WARN_DOCUMENTATION_COMMENTS = YES;
				CLANG_WARN_EMPTY_BODY = YES;
				CLANG_WARN_ENUM_CONVERSION = YES;
				CLANG_WARN_INFINITE_RECURSION = YES;
				CLANG_WARN_INT_CONVERSION = YES;
				CLANG_WARN_NON_LITERAL_NULL_CONVERSION = YES;
				CLANG_WARN_OBJC_IMPLICIT_RETAIN_SELF = YES;
				CLANG_WARN_OBJC_LITERAL_CONVERSION = YES;
				CLANG_WARN_OBJC_ROOT_CLASS = YES_ERROR;
				CLANG_WARN_QUOTED_INCLUDE_IN_FRAMEWORK_HEADER = YES;
				CLANG_WARN_RANGE_LOOP_ANALYSIS = YES;
				CLANG_WARN_STRICT_PROTOTYPES = YES;
				CLANG_WARN_SUSPICIOUS_MOVE = YES;
				CLANG_WARN_UNGUARDED_AVAILABILITY = YES_AGGRESSIVE;
				CLANG_WARN_UNREACHABLE_CODE = YES;
				CLANG_WARN__DUPLICATE_METHOD_MATCH = YES;
				COPY_PHASE_STRIP = NO;
				DEBUG_INFORMATION_FORMAT = dwarf;
				ENABLE_STRICT_OBJC_MSGSEND = YES;
				ENABLE_TESTABILITY = YES;
				GCC_C_LANGUAGE_STANDARD = gnu11;
				GCC_DYNAMIC_NO_PIC = NO;
				GCC_NO_COMMON_BLOCKS = YES;
				GCC_OPTIMIZATION_LEVEL = 0;
				GCC_PREPROCESSOR_DEFINITIONS = (
					"DEBUG=1",
					"$(inherited)",
				);
				GCC_WARN_64_TO_32_BIT_CONVERSION = YES;
				GCC_WARN_ABOUT_RETURN_TYPE = YES_ERROR;
				GCC_WARN_UNDECLARED_SELECTOR = YES;
				GCC_WARN_UNINITIALIZED_AUTOS = YES_AGGRESSIVE;
				GCC_WARN_UNUSED_FUNCTION = YES;
				GCC_WARN_UNUSED_VARIABLE = YES;
				MTL_ENABLE_DEBUG_INFO = INCLUDE_SOURCE;
				MTL_FAST_MATH = YES;
				ONLY_ACTIVE_ARCH = YES;
				SWIFT_ACTIVE_COMPILATION_CONDITIONS = DEBUG;
				SWIFT_OPTIMIZATION_LEVEL = "-Onone";
			};
			name = Debug;
		};
		481E7A082D7789E3006EB49E /* Release */ = {
			isa = XCBuildConfiguration;
			buildSettings = {
				ALWAYS_SEARCH_USER_PATHS = NO;
				CLANG_ANALYZER_NONNULL = YES;
				CLANG_ANALYZER_NUMBER_OBJECT_CONVERSION = YES_AGGRESSIVE;
				CLANG_CXX_LANGUAGE_STANDARD = "gnu++20";
				CLANG_ENABLE_MODULES = YES;
				CLANG_ENABLE_OBJC_ARC = YES;
				CLANG_ENABLE_OBJC_WEAK = YES;
				CLANG_WARN_BLOCK_CAPTURE_AUTORELEASING = YES;
				CLANG_WARN_BOOL_CONVERSION = YES;
				CLANG_WARN_COMMA = YES;
				CLANG_WARN_CONSTANT_CONVERSION = YES;
				CLANG_WARN_DEPRECATED_OBJC_IMPLEMENTATIONS = YES;
				CLANG_WARN_DIRECT_OBJC_ISA_USAGE = YES_ERROR;
				CLANG_WARN_DOCUMENTATION_COMMENTS = YES;
				CLANG_WARN_EMPTY_BODY = YES;
				CLANG_WARN_ENUM_CONVERSION = YES;
				CLANG_WARN_INFINITE_RECURSION = YES;
				CLANG_WARN_INT_CONVERSION = YES;
				CLANG_WARN_NON_LITERAL_NULL_CONVERSION = YES;
				CLANG_WARN_OBJC_IMPLICIT_RETAIN_SELF = YES;
				CLANG_WARN_OBJC_LITERAL_CONVERSION = YES;
				CLANG_WARN_OBJC_ROOT_CLASS = YES_ERROR;
				CLANG_WARN_QUOTED_INCLUDE_IN_FRAMEWORK_HEADER = YES;
				CLANG_WARN_RANGE_LOOP_ANALYSIS = YES;
				CLANG_WARN_STRICT_PROTOTYPES = YES;
				CLANG_WARN_SUSPICIOUS_MOVE = YES;
				CLANG_WARN_UNGUARDED_AVAILABILITY = YES_AGGRESSIVE;
				CLANG_WARN_UNREACHABLE_CODE = YES;
				CLANG_WARN__DUPLICATE_METHOD_MATCH = YES;
				COPY_PHASE_STRIP = NO;
				DEBUG_INFORMATION_FORMAT = "dwarf-with-dsym";
				ENABLE_NS_ASSERTIONS = NO;
				ENABLE_STRICT_OBJC_MSGSEND = YES;
				GCC_C_LANGUAGE_STANDARD = gnu11;
				GCC_NO_COMMON_BLOCKS = YES;
				GCC_WARN_64_TO_32_BIT_CONVERSION = YES;
				GCC_WARN_ABOUT_RETURN_TYPE = YES_ERROR;
				GCC_WARN_UNDECLARED_SELECTOR = YES;
				GCC_WARN_UNINITIALIZED_AUTOS = YES_AGGRESSIVE;
				GCC_WARN_UNUSED_FUNCTION = YES;
				GCC_WARN_UNUSED_VARIABLE = YES;
				MTL_ENABLE_DEBUG_INFO = NO;
				MTL_FAST_MATH = YES;
				SWIFT_COMPILATION_MODE = wholemodule;
				SWIFT_OPTIMIZATION_LEVEL = "-O";
			};
			name = Release;
		};
		481E7A0A2D7789E3006EB49E /* Debug */ = {
			isa = XCBuildConfiguration;
			buildSettings = {
				ASSETCATALOG_COMPILER_APPICON_NAME = AppIcon;
				ASSETCATALOG_COMPILER_GLOBAL_ACCENT_COLOR_NAME = AccentColor;
				CODE_SIGN_ENTITLEMENTS = HabitTracker/HabitTracker.entitlements;
				CODE_SIGN_STYLE = Automatic;
				CURRENT_PROJECT_VERSION = 1;
				DEVELOPMENT_ASSET_PATHS = "\"HabitTracker/Preview Content\"";
				DEVELOPMENT_TEAM = J9U7TSST43;
				ENABLE_PREVIEWS = YES;
				GENERATE_INFOPLIST_FILE = YES;
				"INFOPLIST_KEY_UIApplicationSceneManifest_Generation[sdk=iphoneos*]" = YES;
				"INFOPLIST_KEY_UIApplicationSceneManifest_Generation[sdk=iphonesimulator*]" = YES;
				"INFOPLIST_KEY_UIApplicationSupportsIndirectInputEvents[sdk=iphoneos*]" = YES;
				"INFOPLIST_KEY_UIApplicationSupportsIndirectInputEvents[sdk=iphonesimulator*]" = YES;
				"INFOPLIST_KEY_UILaunchScreen_Generation[sdk=iphoneos*]" = YES;
				"INFOPLIST_KEY_UILaunchScreen_Generation[sdk=iphonesimulator*]" = YES;
				"INFOPLIST_KEY_UIStatusBarStyle[sdk=iphoneos*]" = UIStatusBarStyleDefault;
				"INFOPLIST_KEY_UIStatusBarStyle[sdk=iphonesimulator*]" = UIStatusBarStyleDefault;
				INFOPLIST_KEY_UISupportedInterfaceOrientations_iPad = "UIInterfaceOrientationPortrait UIInterfaceOrientationPortraitUpsideDown UIInterfaceOrientationLandscapeLeft UIInterfaceOrientationLandscapeRight";
				INFOPLIST_KEY_UISupportedInterfaceOrientations_iPhone = "UIInterfaceOrientationPortrait UIInterfaceOrientationLandscapeLeft UIInterfaceOrientationLandscapeRight";
				IPHONEOS_DEPLOYMENT_TARGET = 15.6;
				LD_RUNPATH_SEARCH_PATHS = "@executable_path/Frameworks";
				"LD_RUNPATH_SEARCH_PATHS[sdk=macosx*]" = "@executable_path/../Frameworks";
				MACOSX_DEPLOYMENT_TARGET = 13.2;
				MARKETING_VERSION = 1.0;
				PRODUCT_BUNDLE_IDENTIFIER = sem6.HabitTracker1;
				PRODUCT_NAME = "$(TARGET_NAME)";
				SDKROOT = auto;
				SUPPORTED_PLATFORMS = "iphoneos iphonesimulator";
				SUPPORTS_MACCATALYST = NO;
				SUPPORTS_MAC_DESIGNED_FOR_IPHONE_IPAD = NO;
				SWIFT_EMIT_LOC_STRINGS = YES;
				SWIFT_VERSION = 5.0;
				TARGETED_DEVICE_FAMILY = 1;
			};
			name = Debug;
		};
		481E7A0B2D7789E3006EB49E /* Release */ = {
			isa = XCBuildConfiguration;
			buildSettings = {
				ASSETCATALOG_COMPILER_APPICON_NAME = AppIcon;
				ASSETCATALOG_COMPILER_GLOBAL_ACCENT_COLOR_NAME = AccentColor;
				CODE_SIGN_ENTITLEMENTS = HabitTracker/HabitTracker.entitlements;
				CODE_SIGN_STYLE = Automatic;
				CURRENT_PROJECT_VERSION = 1;
				DEVELOPMENT_ASSET_PATHS = "\"HabitTracker/Preview Content\"";
				DEVELOPMENT_TEAM = J9U7TSST43;
				ENABLE_PREVIEWS = YES;
				GENERATE_INFOPLIST_FILE = YES;
				"INFOPLIST_KEY_UIApplicationSceneManifest_Generation[sdk=iphoneos*]" = YES;
				"INFOPLIST_KEY_UIApplicationSceneManifest_Generation[sdk=iphonesimulator*]" = YES;
				"INFOPLIST_KEY_UIApplicationSupportsIndirectInputEvents[sdk=iphoneos*]" = YES;
				"INFOPLIST_KEY_UIApplicationSupportsIndirectInputEvents[sdk=iphonesimulator*]" = YES;
				"INFOPLIST_KEY_UILaunchScreen_Generation[sdk=iphoneos*]" = YES;
				"INFOPLIST_KEY_UILaunchScreen_Generation[sdk=iphonesimulator*]" = YES;
				"INFOPLIST_KEY_UIStatusBarStyle[sdk=iphoneos*]" = UIStatusBarStyleDefault;
				"INFOPLIST_KEY_UIStatusBarStyle[sdk=iphonesimulator*]" = UIStatusBarStyleDefault;
				INFOPLIST_KEY_UISupportedInterfaceOrientations_iPad = "UIInterfaceOrientationPortrait UIInterfaceOrientationPortraitUpsideDown UIInterfaceOrientationLandscapeLeft UIInterfaceOrientationLandscapeRight";
				INFOPLIST_KEY_UISupportedInterfaceOrientations_iPhone = "UIInterfaceOrientationPortrait UIInterfaceOrientationLandscapeLeft UIInterfaceOrientationLandscapeRight";
				IPHONEOS_DEPLOYMENT_TARGET = 15.6;
				LD_RUNPATH_SEARCH_PATHS = "@executable_path/Frameworks";
				"LD_RUNPATH_SEARCH_PATHS[sdk=macosx*]" = "@executable_path/../Frameworks";
				MACOSX_DEPLOYMENT_TARGET = 13.2;
				MARKETING_VERSION = 1.0;
				PRODUCT_BUNDLE_IDENTIFIER = sem6.HabitTracker1;
				PRODUCT_NAME = "$(TARGET_NAME)";
				SDKROOT = auto;
				SUPPORTED_PLATFORMS = "iphoneos iphonesimulator";
				SUPPORTS_MACCATALYST = NO;
				SUPPORTS_MAC_DESIGNED_FOR_IPHONE_IPAD = NO;
				SWIFT_EMIT_LOC_STRINGS = YES;
				SWIFT_VERSION = 5.0;
				TARGETED_DEVICE_FAMILY = 1;
			};
			name = Release;
		};
/* End XCBuildConfiguration section */

/* Begin XCConfigurationList section */
		481E79F52D7789E1006EB49E /* Build configuration list for PBXProject "HabitTracker" */ = {
			isa = XCConfigurationList;
			buildConfigurations = (
				481E7A072D7789E3006EB49E /* Debug */,
				481E7A082D7789E3006EB49E /* Release */,
			);
			defaultConfigurationIsVisible = 0;
			defaultConfigurationName = Release;
		};
		481E7A092D7789E3006EB49E /* Build configuration list for PBXNativeTarget "HabitTracker" */ = {
			isa = XCConfigurationList;
			buildConfigurations = (
				481E7A0A2D7789E3006EB49E /* Debug */,
				481E7A0B2D7789E3006EB49E /* Release */,
			);
			defaultConfigurationIsVisible = 0;
			defaultConfigurationName = Release;
		};
/* End XCConfigurationList section */

/* Begin XCVersionGroup section */
		AE114BF02D88778900B1F665 /* HabitTracker.xcdatamodeld */ = {
			isa = XCVersionGroup;
			children = (
				AE114BF12D88778900B1F665 /* HabitTracker.xcdatamodel */,
			);
			currentVersion = AE114BF12D88778900B1F665 /* HabitTracker.xcdatamodel */;
			path = HabitTracker.xcdatamodeld;
			sourceTree = "<group>";
			versionGroupType = wrapper.xcdatamodel;
		};
/* End XCVersionGroup section */
	};
	rootObject = 481E79F22D7789E1006EB49E /* Project object */;
}
